/mnt/beegfs/merzk/kaliakd/Deploy_Snakemake/srun-snakemake-dice/1_two_batches_single_cpu_one_iter/one_batch_2cpus_per_batch_one_iter/Workflow/output-0.txt
/mnt/beegfs/merzk/kaliakd/Deploy_Snakemake/srun-snakemake-dice/1_two_batches_single_cpu_one_iter/one_batch_2cpus_per_batch_one_iter/Workflow/output-1.txt
